// !$*UTF8*$!
{
	archiveVersion = 1;
	classes = {
	};
	objectVersion = 46;
	objects = {

/* Begin PBXBuildFile section */
		5D655AE38BA461AD542CFA17 /* Pods_Example.framework in Frameworks */ = {isa = PBXBuildFile; fileRef = 566D57CE018F93B428988A13 /* Pods_Example.framework */; };
		6003F58E195388D20070C39A /* Foundation.framework in Frameworks */ = {isa = PBXBuildFile; fileRef = 6003F58D195388D20070C39A /* Foundation.framework */; };
		6003F590195388D20070C39A /* CoreGraphics.framework in Frameworks */ = {isa = PBXBuildFile; fileRef = 6003F58F195388D20070C39A /* CoreGraphics.framework */; };
		6003F592195388D20070C39A /* UIKit.framework in Frameworks */ = {isa = PBXBuildFile; fileRef = 6003F591195388D20070C39A /* UIKit.framework */; };
		6003F598195388D20070C39A /* InfoPlist.strings in Resources */ = {isa = PBXBuildFile; fileRef = 6003F596195388D20070C39A /* InfoPlist.strings */; };
		6003F59A195388D20070C39A /* main.m in Sources */ = {isa = PBXBuildFile; fileRef = 6003F599195388D20070C39A /* main.m */; };
		6003F59E195388D20070C39A /* GKAppDelegate.m in Sources */ = {isa = PBXBuildFile; fileRef = 6003F59D195388D20070C39A /* GKAppDelegate.m */; };
		6003F5A9195388D20070C39A /* Images.xcassets in Resources */ = {isa = PBXBuildFile; fileRef = 6003F5A8195388D20070C39A /* Images.xcassets */; };
		6003F5B0195388D20070C39A /* XCTest.framework in Frameworks */ = {isa = PBXBuildFile; fileRef = 6003F5AF195388D20070C39A /* XCTest.framework */; };
		6003F5B1195388D20070C39A /* Foundation.framework in Frameworks */ = {isa = PBXBuildFile; fileRef = 6003F58D195388D20070C39A /* Foundation.framework */; };
		6003F5B2195388D20070C39A /* UIKit.framework in Frameworks */ = {isa = PBXBuildFile; fileRef = 6003F591195388D20070C39A /* UIKit.framework */; };
		6003F5BA195388D20070C39A /* InfoPlist.strings in Resources */ = {isa = PBXBuildFile; fileRef = 6003F5B8195388D20070C39A /* InfoPlist.strings */; };
		6003F5BC195388D20070C39A /* Tests.m in Sources */ = {isa = PBXBuildFile; fileRef = 6003F5BB195388D20070C39A /* Tests.m */; };
		71719F9F1E33DC2100824A3D /* LaunchScreen.storyboard in Resources */ = {isa = PBXBuildFile; fileRef = 71719F9D1E33DC2100824A3D /* LaunchScreen.storyboard */; };
		790791BF29BF1762000D70A5 /* GKMainViewController.m in Sources */ = {isa = PBXBuildFile; fileRef = 790791BE29BF1762000D70A5 /* GKMainViewController.m */; };
		790791C429BF1825000D70A5 /* GKZFPlayerViewController.m in Sources */ = {isa = PBXBuildFile; fileRef = 790791C329BF1825000D70A5 /* GKZFPlayerViewController.m */; };
		790791C729BF182D000D70A5 /* GKSJPlayerViewController.m in Sources */ = {isa = PBXBuildFile; fileRef = 790791C629BF182D000D70A5 /* GKSJPlayerViewController.m */; };
		790791CA29BF18FF000D70A5 /* GKVideoModel.m in Sources */ = {isa = PBXBuildFile; fileRef = 790791C929BF18FF000D70A5 /* GKVideoModel.m */; };
		790791CD29BF1937000D70A5 /* GKVideoCell.m in Sources */ = {isa = PBXBuildFile; fileRef = 790791CC29BF1937000D70A5 /* GKVideoCell.m */; };
		790791D029BF1D95000D70A5 /* GKVideoPlayerViewController.m in Sources */ = {isa = PBXBuildFile; fileRef = 790791CF29BF1D95000D70A5 /* GKVideoPlayerViewController.m */; };
		790791D329BF1DAF000D70A5 /* GKVideoLandscapeView.m in Sources */ = {isa = PBXBuildFile; fileRef = 790791D229BF1DAF000D70A5 /* GKVideoLandscapeView.m */; };
		790791D629BF2300000D70A5 /* GKVideoPortraitView.m in Sources */ = {isa = PBXBuildFile; fileRef = 790791D529BF2300000D70A5 /* GKVideoPortraitView.m */; };
		790791D929C02040000D70A5 /* GKVideoPlayerStatusBar.m in Sources */ = {isa = PBXBuildFile; fileRef = 790791D829C02040000D70A5 /* GKVideoPlayerStatusBar.m */; };
		790791DC29C04595000D70A5 /* GKZFLandscapeView.m in Sources */ = {isa = PBXBuildFile; fileRef = 790791DB29C04595000D70A5 /* GKZFLandscapeView.m */; };
		790791DF29C0469E000D70A5 /* GKSJLandscapeView.m in Sources */ = {isa = PBXBuildFile; fileRef = 790791DE29C0469E000D70A5 /* GKSJLandscapeView.m */; };
		790791E229C05E5F000D70A5 /* GKNavigationController.m in Sources */ = {isa = PBXBuildFile; fileRef = 790791E129C05E5F000D70A5 /* GKNavigationController.m */; };
		790791E529C06544000D70A5 /* GKZFPortraitView.m in Sources */ = {isa = PBXBuildFile; fileRef = 790791E429C06544000D70A5 /* GKZFPortraitView.m */; };
		790791E829C06576000D70A5 /* GKSJPortraitView.m in Sources */ = {isa = PBXBuildFile; fileRef = 790791E729C06576000D70A5 /* GKSJPortraitView.m */; };
		790791EE29C06979000D70A5 /* GKDoubleLikeView.m in Sources */ = {isa = PBXBuildFile; fileRef = 790791EC29C06979000D70A5 /* GKDoubleLikeView.m */; };
		790791EF29C06979000D70A5 /* GKLikeView.m in Sources */ = {isa = PBXBuildFile; fileRef = 790791ED29C06979000D70A5 /* GKLikeView.m */; };
		790791F329C16F12000D70A5 /* UIButton+GKEnlarge.m in Sources */ = {isa = PBXBuildFile; fileRef = 790791F229C16F12000D70A5 /* UIButton+GKEnlarge.m */; };
		793231DE29A7041D000A61ED /* GKBallLoadingView.m in Sources */ = {isa = PBXBuildFile; fileRef = 793231D729A7041D000A61ED /* GKBallLoadingView.m */; };
		795240592A3857FF001ED53C /* GKTestViewController.m in Sources */ = {isa = PBXBuildFile; fileRef = 795240582A3857FF001ED53C /* GKTestViewController.m */; };
		7952405C2A3860AF001ED53C /* GKTestCell1.m in Sources */ = {isa = PBXBuildFile; fileRef = 7952405B2A3860AF001ED53C /* GKTestCell1.m */; };
		7952405F2A3860C3001ED53C /* GKTestCell2.m in Sources */ = {isa = PBXBuildFile; fileRef = 7952405E2A3860C3001ED53C /* GKTestCell2.m */; };
		795240622A3860CC001ED53C /* GKTestCell3.m in Sources */ = {isa = PBXBuildFile; fileRef = 795240612A3860CC001ED53C /* GKTestCell3.m */; };
		795240652A3860D2001ED53C /* GKTestCell4.m in Sources */ = {isa = PBXBuildFile; fileRef = 795240642A3860D2001ED53C /* GKTestCell4.m */; };
		795240682A3861A3001ED53C /* GKTestModel.m in Sources */ = {isa = PBXBuildFile; fileRef = 795240672A3861A3001ED53C /* GKTestModel.m */; };
		7991D49329F766A7002AADCD /* GKVideoWorkListView.m in Sources */ = {isa = PBXBuildFile; fileRef = 7991D49229F766A7002AADCD /* GKVideoWorkListView.m */; };
		79A5254B29D5854E00CFB32F /* GKRotationViewController.m in Sources */ = {isa = PBXBuildFile; fileRef = 79A5254A29D5854E00CFB32F /* GKRotationViewController.m */; };
		79A5254E29D6899D00CFB32F /* GKTestManager.m in Sources */ = {isa = PBXBuildFile; fileRef = 79A5254D29D6899D00CFB32F /* GKTestManager.m */; };
		79A5255129D68AB200CFB32F /* GKSJPlayerManager.m in Sources */ = {isa = PBXBuildFile; fileRef = 79A5255029D68AB200CFB32F /* GKSJPlayerManager.m */; };
		79A5255429D68ABD00CFB32F /* GKZFPlayerManager.m in Sources */ = {isa = PBXBuildFile; fileRef = 79A5255329D68ABD00CFB32F /* GKZFPlayerManager.m */; };
		79A5255829D6981D00CFB32F /* GKVideoManager.m in Sources */ = {isa = PBXBuildFile; fileRef = 79A5255729D6981D00CFB32F /* GKVideoManager.m */; };
		79A5255B29D69BF100CFB32F /* GKVideoLandscapeCell.m in Sources */ = {isa = PBXBuildFile; fileRef = 79A5255A29D69BF100CFB32F /* GKVideoLandscapeCell.m */; };
		79A5255E29D6AD9800CFB32F /* GKVideoPortriatCell.m in Sources */ = {isa = PBXBuildFile; fileRef = 79A5255D29D6AD9800CFB32F /* GKVideoPortriatCell.m */; };
		79A5256229D6D00D00CFB32F /* GKRotationManager.m in Sources */ = {isa = PBXBuildFile; fileRef = 79A5256129D6D00D00CFB32F /* GKRotationManager.m */; };
		79A5256529D6D02A00CFB32F /* GKRotationManager_iOS_9_15.m in Sources */ = {isa = PBXBuildFile; fileRef = 79A5256429D6D02A00CFB32F /* GKRotationManager_iOS_9_15.m */; };
		79A5256829D6D03900CFB32F /* GKRotationManager_iOS_16_Later.m in Sources */ = {isa = PBXBuildFile; fileRef = 79A5256729D6D03900CFB32F /* GKRotationManager_iOS_16_Later.m */; };
		79A5256D29D6D21D00CFB32F /* GKLandscapeWindow.m in Sources */ = {isa = PBXBuildFile; fileRef = 79A5256C29D6D21D00CFB32F /* GKLandscapeWindow.m */; };
		79A5257029D6D45A00CFB32F /* GKLandscapeViewController.m in Sources */ = {isa = PBXBuildFile; fileRef = 79A5256F29D6D45A00CFB32F /* GKLandscapeViewController.m */; };
		79A5257329D6D5B500CFB32F /* GKLandscapeNavigationController.m in Sources */ = {isa = PBXBuildFile; fileRef = 79A5257229D6D5B500CFB32F /* GKLandscapeNavigationController.m */; };
		79A5257929DA642D00CFB32F /* GKTimerControl.m in Sources */ = {isa = PBXBuildFile; fileRef = 79A5257829DA642D00CFB32F /* GKTimerControl.m */; };
		79A5257D29DC0D1A00CFB32F /* GKDouyinViewController.m in Sources */ = {isa = PBXBuildFile; fileRef = 79A5257C29DC0D1A00CFB32F /* GKDouyinViewController.m */; };
		79A5258029DC0D2600CFB32F /* GKDouyinManager.m in Sources */ = {isa = PBXBuildFile; fileRef = 79A5257F29DC0D2600CFB32F /* GKDouyinManager.m */; };
		79CFE0D729F1296300B6A013 /* GKDouyinPortraitView.m in Sources */ = {isa = PBXBuildFile; fileRef = 79CFE0D629F1296300B6A013 /* GKDouyinPortraitView.m */; };
		79CFE0DA29F1344600B6A013 /* GKDouyinLandscapeView.m in Sources */ = {isa = PBXBuildFile; fileRef = 79CFE0D929F1344600B6A013 /* GKDouyinLandscapeView.m */; };
		79CFE0DE29F26B6200B6A013 /* GKKuaishouViewController.m in Sources */ = {isa = PBXBuildFile; fileRef = 79CFE0DD29F26B6200B6A013 /* GKKuaishouViewController.m */; };
		79CFE0E129F26B7400B6A013 /* GKKuaishouManager.m in Sources */ = {isa = PBXBuildFile; fileRef = 79CFE0E029F26B7400B6A013 /* GKKuaishouManager.m */; };
		79CFE0E429F28EE900B6A013 /* GKKuaishouLandscapeView.m in Sources */ = {isa = PBXBuildFile; fileRef = 79CFE0E329F28EE900B6A013 /* GKKuaishouLandscapeView.m */; };
		79CFE0E729F2904000B6A013 /* GKKuaishouPortraitView.m in Sources */ = {isa = PBXBuildFile; fileRef = 79CFE0E629F2904000B6A013 /* GKKuaishouPortraitView.m */; };
		79E2E1DA2A85CA51005EAA63 /* GKTableViewController.m in Sources */ = {isa = PBXBuildFile; fileRef = 79E2E1D92A85CA51005EAA63 /* GKTableViewController.m */; };
		79EB4B3E2A8B48A4005B4EC7 /* GKDouyinDetailViewController.m in Sources */ = {isa = PBXBuildFile; fileRef = 79EB4B3D2A8B48A4005B4EC7 /* GKDouyinDetailViewController.m */; };
		79EB4B412A8B6B97005B4EC7 /* GKKuaishouDetailViewController.m in Sources */ = {isa = PBXBuildFile; fileRef = 79EB4B402A8B6B97005B4EC7 /* GKKuaishouDetailViewController.m */; };
		873B8AEB1B1F5CCA007FD442 /* Main.storyboard in Resources */ = {isa = PBXBuildFile; fileRef = 873B8AEA1B1F5CCA007FD442 /* Main.storyboard */; };
/* End PBXBuildFile section */

/* Begin PBXContainerItemProxy section */
		6003F5B3195388D20070C39A /* PBXContainerItemProxy */ = {
			isa = PBXContainerItemProxy;
			containerPortal = 6003F582195388D10070C39A /* Project object */;
			proxyType = 1;
			remoteGlobalIDString = 6003F589195388D20070C39A;
			remoteInfo = GKVideoScrollView;
		};
/* End PBXContainerItemProxy section */

/* Begin PBXFileReference section */
		4123006A2D67B5A9F1EB71BD /* README.md */ = {isa = PBXFileReference; includeInIndex = 1; lastKnownFileType = net.daringfireball.markdown; name = README.md; path = ../README.md; sourceTree = "<group>"; };
		566D57CE018F93B428988A13 /* Pods_Example.framework */ = {isa = PBXFileReference; explicitFileType = wrapper.framework; includeInIndex = 0; path = Pods_Example.framework; sourceTree = BUILT_PRODUCTS_DIR; };
		6003F58A195388D20070C39A /* Example.app */ = {isa = PBXFileReference; explicitFileType = wrapper.application; includeInIndex = 0; path = Example.app; sourceTree = BUILT_PRODUCTS_DIR; };
		6003F58D195388D20070C39A /* Foundation.framework */ = {isa = PBXFileReference; lastKnownFileType = wrapper.framework; name = Foundation.framework; path = System/Library/Frameworks/Foundation.framework; sourceTree = SDKROOT; };
		6003F58F195388D20070C39A /* CoreGraphics.framework */ = {isa = PBXFileReference; lastKnownFileType = wrapper.framework; name = CoreGraphics.framework; path = System/Library/Frameworks/CoreGraphics.framework; sourceTree = SDKROOT; };
		6003F591195388D20070C39A /* UIKit.framework */ = {isa = PBXFileReference; lastKnownFileType = wrapper.framework; name = UIKit.framework; path = System/Library/Frameworks/UIKit.framework; sourceTree = SDKROOT; };
		6003F595195388D20070C39A /* GKVideoScrollView-Info.plist */ = {isa = PBXFileReference; lastKnownFileType = text.plist.xml; path = "GKVideoScrollView-Info.plist"; sourceTree = "<group>"; };
		6003F597195388D20070C39A /* en */ = {isa = PBXFileReference; lastKnownFileType = text.plist.strings; name = en; path = en.lproj/InfoPlist.strings; sourceTree = "<group>"; };
		6003F599195388D20070C39A /* main.m */ = {isa = PBXFileReference; lastKnownFileType = sourcecode.c.objc; path = main.m; sourceTree = "<group>"; };
		6003F59B195388D20070C39A /* GKVideoScrollView-Prefix.pch */ = {isa = PBXFileReference; lastKnownFileType = sourcecode.c.h; path = "GKVideoScrollView-Prefix.pch"; sourceTree = "<group>"; };
		6003F59C195388D20070C39A /* GKAppDelegate.h */ = {isa = PBXFileReference; lastKnownFileType = sourcecode.c.h; path = GKAppDelegate.h; sourceTree = "<group>"; };
		6003F59D195388D20070C39A /* GKAppDelegate.m */ = {isa = PBXFileReference; lastKnownFileType = sourcecode.c.objc; path = GKAppDelegate.m; sourceTree = "<group>"; };
		6003F5A8195388D20070C39A /* Images.xcassets */ = {isa = PBXFileReference; lastKnownFileType = folder.assetcatalog; path = Images.xcassets; sourceTree = "<group>"; };
		6003F5AE195388D20070C39A /* GKVideoScrollView_Tests.xctest */ = {isa = PBXFileReference; explicitFileType = wrapper.cfbundle; includeInIndex = 0; path = GKVideoScrollView_Tests.xctest; sourceTree = BUILT_PRODUCTS_DIR; };
		6003F5AF195388D20070C39A /* XCTest.framework */ = {isa = PBXFileReference; lastKnownFileType = wrapper.framework; name = XCTest.framework; path = Library/Frameworks/XCTest.framework; sourceTree = DEVELOPER_DIR; };
		6003F5B7195388D20070C39A /* Tests-Info.plist */ = {isa = PBXFileReference; lastKnownFileType = text.plist.xml; path = "Tests-Info.plist"; sourceTree = "<group>"; };
		6003F5B9195388D20070C39A /* en */ = {isa = PBXFileReference; lastKnownFileType = text.plist.strings; name = en; path = en.lproj/InfoPlist.strings; sourceTree = "<group>"; };
		6003F5BB195388D20070C39A /* Tests.m */ = {isa = PBXFileReference; lastKnownFileType = sourcecode.c.objc; path = Tests.m; sourceTree = "<group>"; };
		606FC2411953D9B200FFA9A0 /* Tests-Prefix.pch */ = {isa = PBXFileReference; lastKnownFileType = sourcecode.c.h; path = "Tests-Prefix.pch"; sourceTree = "<group>"; };
		66C6D076987C1A4320630EFD /* LICENSE */ = {isa = PBXFileReference; includeInIndex = 1; lastKnownFileType = text; name = LICENSE; path = ../LICENSE; sourceTree = "<group>"; };
		676372B12D9368CE48799D73 /* Pods-Example.debug.xcconfig */ = {isa = PBXFileReference; includeInIndex = 1; lastKnownFileType = text.xcconfig; name = "Pods-Example.debug.xcconfig"; path = "Target Support Files/Pods-Example/Pods-Example.debug.xcconfig"; sourceTree = "<group>"; };
		6D9C8389AFBD5FB998CF0E75 /* Pods-GKVideoScrollView_Example.release.xcconfig */ = {isa = PBXFileReference; includeInIndex = 1; lastKnownFileType = text.xcconfig; name = "Pods-GKVideoScrollView_Example.release.xcconfig"; path = "Target Support Files/Pods-GKVideoScrollView_Example/Pods-GKVideoScrollView_Example.release.xcconfig"; sourceTree = "<group>"; };
		71719F9E1E33DC2100824A3D /* Base */ = {isa = PBXFileReference; lastKnownFileType = file.storyboard; name = Base; path = Base.lproj/LaunchScreen.storyboard; sourceTree = "<group>"; };
		790791BD29BF1762000D70A5 /* GKMainViewController.h */ = {isa = PBXFileReference; lastKnownFileType = sourcecode.c.h; path = GKMainViewController.h; sourceTree = "<group>"; };
		790791BE29BF1762000D70A5 /* GKMainViewController.m */ = {isa = PBXFileReference; lastKnownFileType = sourcecode.c.objc; path = GKMainViewController.m; sourceTree = "<group>"; };
		790791C229BF1825000D70A5 /* GKZFPlayerViewController.h */ = {isa = PBXFileReference; lastKnownFileType = sourcecode.c.h; path = GKZFPlayerViewController.h; sourceTree = "<group>"; };
		790791C329BF1825000D70A5 /* GKZFPlayerViewController.m */ = {isa = PBXFileReference; lastKnownFileType = sourcecode.c.objc; path = GKZFPlayerViewController.m; sourceTree = "<group>"; };
		790791C529BF182D000D70A5 /* GKSJPlayerViewController.h */ = {isa = PBXFileReference; lastKnownFileType = sourcecode.c.h; path = GKSJPlayerViewController.h; sourceTree = "<group>"; };
		790791C629BF182D000D70A5 /* GKSJPlayerViewController.m */ = {isa = PBXFileReference; lastKnownFileType = sourcecode.c.objc; path = GKSJPlayerViewController.m; sourceTree = "<group>"; };
		790791C829BF18FF000D70A5 /* GKVideoModel.h */ = {isa = PBXFileReference; lastKnownFileType = sourcecode.c.h; path = GKVideoModel.h; sourceTree = "<group>"; };
		790791C929BF18FF000D70A5 /* GKVideoModel.m */ = {isa = PBXFileReference; lastKnownFileType = sourcecode.c.objc; path = GKVideoModel.m; sourceTree = "<group>"; };
		790791CB29BF1937000D70A5 /* GKVideoCell.h */ = {isa = PBXFileReference; lastKnownFileType = sourcecode.c.h; path = GKVideoCell.h; sourceTree = "<group>"; };
		790791CC29BF1937000D70A5 /* GKVideoCell.m */ = {isa = PBXFileReference; lastKnownFileType = sourcecode.c.objc; path = GKVideoCell.m; sourceTree = "<group>"; };
		790791CE29BF1D95000D70A5 /* GKVideoPlayerViewController.h */ = {isa = PBXFileReference; lastKnownFileType = sourcecode.c.h; path = GKVideoPlayerViewController.h; sourceTree = "<group>"; };
		790791CF29BF1D95000D70A5 /* GKVideoPlayerViewController.m */ = {isa = PBXFileReference; lastKnownFileType = sourcecode.c.objc; path = GKVideoPlayerViewController.m; sourceTree = "<group>"; };
		790791D129BF1DAF000D70A5 /* GKVideoLandscapeView.h */ = {isa = PBXFileReference; lastKnownFileType = sourcecode.c.h; path = GKVideoLandscapeView.h; sourceTree = "<group>"; };
		790791D229BF1DAF000D70A5 /* GKVideoLandscapeView.m */ = {isa = PBXFileReference; lastKnownFileType = sourcecode.c.objc; path = GKVideoLandscapeView.m; sourceTree = "<group>"; };
		790791D429BF2300000D70A5 /* GKVideoPortraitView.h */ = {isa = PBXFileReference; lastKnownFileType = sourcecode.c.h; path = GKVideoPortraitView.h; sourceTree = "<group>"; };
		790791D529BF2300000D70A5 /* GKVideoPortraitView.m */ = {isa = PBXFileReference; lastKnownFileType = sourcecode.c.objc; path = GKVideoPortraitView.m; sourceTree = "<group>"; };
		790791D729C02040000D70A5 /* GKVideoPlayerStatusBar.h */ = {isa = PBXFileReference; lastKnownFileType = sourcecode.c.h; path = GKVideoPlayerStatusBar.h; sourceTree = "<group>"; };
		790791D829C02040000D70A5 /* GKVideoPlayerStatusBar.m */ = {isa = PBXFileReference; lastKnownFileType = sourcecode.c.objc; path = GKVideoPlayerStatusBar.m; sourceTree = "<group>"; };
		790791DA29C04595000D70A5 /* GKZFLandscapeView.h */ = {isa = PBXFileReference; lastKnownFileType = sourcecode.c.h; path = GKZFLandscapeView.h; sourceTree = "<group>"; };
		790791DB29C04595000D70A5 /* GKZFLandscapeView.m */ = {isa = PBXFileReference; lastKnownFileType = sourcecode.c.objc; path = GKZFLandscapeView.m; sourceTree = "<group>"; };
		790791DD29C0469E000D70A5 /* GKSJLandscapeView.h */ = {isa = PBXFileReference; lastKnownFileType = sourcecode.c.h; path = GKSJLandscapeView.h; sourceTree = "<group>"; };
		790791DE29C0469E000D70A5 /* GKSJLandscapeView.m */ = {isa = PBXFileReference; lastKnownFileType = sourcecode.c.objc; path = GKSJLandscapeView.m; sourceTree = "<group>"; };
		790791E029C05E5F000D70A5 /* GKNavigationController.h */ = {isa = PBXFileReference; lastKnownFileType = sourcecode.c.h; path = GKNavigationController.h; sourceTree = "<group>"; };
		790791E129C05E5F000D70A5 /* GKNavigationController.m */ = {isa = PBXFileReference; lastKnownFileType = sourcecode.c.objc; path = GKNavigationController.m; sourceTree = "<group>"; };
		790791E329C06544000D70A5 /* GKZFPortraitView.h */ = {isa = PBXFileReference; lastKnownFileType = sourcecode.c.h; path = GKZFPortraitView.h; sourceTree = "<group>"; };
		790791E429C06544000D70A5 /* GKZFPortraitView.m */ = {isa = PBXFileReference; lastKnownFileType = sourcecode.c.objc; path = GKZFPortraitView.m; sourceTree = "<group>"; };
		790791E629C06576000D70A5 /* GKSJPortraitView.h */ = {isa = PBXFileReference; lastKnownFileType = sourcecode.c.h; path = GKSJPortraitView.h; sourceTree = "<group>"; };
		790791E729C06576000D70A5 /* GKSJPortraitView.m */ = {isa = PBXFileReference; lastKnownFileType = sourcecode.c.objc; path = GKSJPortraitView.m; sourceTree = "<group>"; };
		790791EA29C06979000D70A5 /* GKDoubleLikeView.h */ = {isa = PBXFileReference; fileEncoding = 4; lastKnownFileType = sourcecode.c.h; path = GKDoubleLikeView.h; sourceTree = "<group>"; };
		790791EB29C06979000D70A5 /* GKLikeView.h */ = {isa = PBXFileReference; fileEncoding = 4; lastKnownFileType = sourcecode.c.h; path = GKLikeView.h; sourceTree = "<group>"; };
		790791EC29C06979000D70A5 /* GKDoubleLikeView.m */ = {isa = PBXFileReference; fileEncoding = 4; lastKnownFileType = sourcecode.c.objc; path = GKDoubleLikeView.m; sourceTree = "<group>"; };
		790791ED29C06979000D70A5 /* GKLikeView.m */ = {isa = PBXFileReference; fileEncoding = 4; lastKnownFileType = sourcecode.c.objc; path = GKLikeView.m; sourceTree = "<group>"; };
		790791F129C16F12000D70A5 /* UIButton+GKEnlarge.h */ = {isa = PBXFileReference; lastKnownFileType = sourcecode.c.h; path = "UIButton+GKEnlarge.h"; sourceTree = "<group>"; };
		790791F229C16F12000D70A5 /* UIButton+GKEnlarge.m */ = {isa = PBXFileReference; lastKnownFileType = sourcecode.c.objc; path = "UIButton+GKEnlarge.m"; sourceTree = "<group>"; };
		793231D729A7041D000A61ED /* GKBallLoadingView.m */ = {isa = PBXFileReference; fileEncoding = 4; lastKnownFileType = sourcecode.c.objc; path = GKBallLoadingView.m; sourceTree = "<group>"; };
		793231D829A7041D000A61ED /* GKBallLoadingView.h */ = {isa = PBXFileReference; fileEncoding = 4; lastKnownFileType = sourcecode.c.h; path = GKBallLoadingView.h; sourceTree = "<group>"; };
		795240572A3857FF001ED53C /* GKTestViewController.h */ = {isa = PBXFileReference; lastKnownFileType = sourcecode.c.h; path = GKTestViewController.h; sourceTree = "<group>"; };
		795240582A3857FF001ED53C /* GKTestViewController.m */ = {isa = PBXFileReference; lastKnownFileType = sourcecode.c.objc; path = GKTestViewController.m; sourceTree = "<group>"; };
		7952405A2A3860AF001ED53C /* GKTestCell1.h */ = {isa = PBXFileReference; lastKnownFileType = sourcecode.c.h; path = GKTestCell1.h; sourceTree = "<group>"; };
		7952405B2A3860AF001ED53C /* GKTestCell1.m */ = {isa = PBXFileReference; lastKnownFileType = sourcecode.c.objc; path = GKTestCell1.m; sourceTree = "<group>"; };
		7952405D2A3860C3001ED53C /* GKTestCell2.h */ = {isa = PBXFileReference; lastKnownFileType = sourcecode.c.h; path = GKTestCell2.h; sourceTree = "<group>"; };
		7952405E2A3860C3001ED53C /* GKTestCell2.m */ = {isa = PBXFileReference; lastKnownFileType = sourcecode.c.objc; path = GKTestCell2.m; sourceTree = "<group>"; };
		795240602A3860CC001ED53C /* GKTestCell3.h */ = {isa = PBXFileReference; lastKnownFileType = sourcecode.c.h; path = GKTestCell3.h; sourceTree = "<group>"; };
		795240612A3860CC001ED53C /* GKTestCell3.m */ = {isa = PBXFileReference; lastKnownFileType = sourcecode.c.objc; path = GKTestCell3.m; sourceTree = "<group>"; };
		795240632A3860D2001ED53C /* GKTestCell4.h */ = {isa = PBXFileReference; lastKnownFileType = sourcecode.c.h; path = GKTestCell4.h; sourceTree = "<group>"; };
		795240642A3860D2001ED53C /* GKTestCell4.m */ = {isa = PBXFileReference; lastKnownFileType = sourcecode.c.objc; path = GKTestCell4.m; sourceTree = "<group>"; };
		795240662A3861A3001ED53C /* GKTestModel.h */ = {isa = PBXFileReference; lastKnownFileType = sourcecode.c.h; path = GKTestModel.h; sourceTree = "<group>"; };
		795240672A3861A3001ED53C /* GKTestModel.m */ = {isa = PBXFileReference; lastKnownFileType = sourcecode.c.objc; path = GKTestModel.m; sourceTree = "<group>"; };
		7991D49129F766A7002AADCD /* GKVideoWorkListView.h */ = {isa = PBXFileReference; lastKnownFileType = sourcecode.c.h; path = GKVideoWorkListView.h; sourceTree = "<group>"; };
		7991D49229F766A7002AADCD /* GKVideoWorkListView.m */ = {isa = PBXFileReference; lastKnownFileType = sourcecode.c.objc; path = GKVideoWorkListView.m; sourceTree = "<group>"; };
		79A5254929D5854E00CFB32F /* GKRotationViewController.h */ = {isa = PBXFileReference; lastKnownFileType = sourcecode.c.h; path = GKRotationViewController.h; sourceTree = "<group>"; };
		79A5254A29D5854E00CFB32F /* GKRotationViewController.m */ = {isa = PBXFileReference; lastKnownFileType = sourcecode.c.objc; path = GKRotationViewController.m; sourceTree = "<group>"; };
		79A5254C29D6899D00CFB32F /* GKTestManager.h */ = {isa = PBXFileReference; lastKnownFileType = sourcecode.c.h; path = GKTestManager.h; sourceTree = "<group>"; };
		79A5254D29D6899D00CFB32F /* GKTestManager.m */ = {isa = PBXFileReference; lastKnownFileType = sourcecode.c.objc; path = GKTestManager.m; sourceTree = "<group>"; };
		79A5254F29D68AB200CFB32F /* GKSJPlayerManager.h */ = {isa = PBXFileReference; lastKnownFileType = sourcecode.c.h; path = GKSJPlayerManager.h; sourceTree = "<group>"; };
		79A5255029D68AB200CFB32F /* GKSJPlayerManager.m */ = {isa = PBXFileReference; lastKnownFileType = sourcecode.c.objc; path = GKSJPlayerManager.m; sourceTree = "<group>"; };
		79A5255229D68ABD00CFB32F /* GKZFPlayerManager.h */ = {isa = PBXFileReference; lastKnownFileType = sourcecode.c.h; path = GKZFPlayerManager.h; sourceTree = "<group>"; };
		79A5255329D68ABD00CFB32F /* GKZFPlayerManager.m */ = {isa = PBXFileReference; lastKnownFileType = sourcecode.c.objc; path = GKZFPlayerManager.m; sourceTree = "<group>"; };
		79A5255629D6981D00CFB32F /* GKVideoManager.h */ = {isa = PBXFileReference; lastKnownFileType = sourcecode.c.h; path = GKVideoManager.h; sourceTree = "<group>"; };
		79A5255729D6981D00CFB32F /* GKVideoManager.m */ = {isa = PBXFileReference; lastKnownFileType = sourcecode.c.objc; path = GKVideoManager.m; sourceTree = "<group>"; };
		79A5255929D69BF100CFB32F /* GKVideoLandscapeCell.h */ = {isa = PBXFileReference; lastKnownFileType = sourcecode.c.h; path = GKVideoLandscapeCell.h; sourceTree = "<group>"; };
		79A5255A29D69BF100CFB32F /* GKVideoLandscapeCell.m */ = {isa = PBXFileReference; lastKnownFileType = sourcecode.c.objc; path = GKVideoLandscapeCell.m; sourceTree = "<group>"; };
		79A5255C29D6AD9800CFB32F /* GKVideoPortriatCell.h */ = {isa = PBXFileReference; lastKnownFileType = sourcecode.c.h; path = GKVideoPortriatCell.h; sourceTree = "<group>"; };
		79A5255D29D6AD9800CFB32F /* GKVideoPortriatCell.m */ = {isa = PBXFileReference; lastKnownFileType = sourcecode.c.objc; path = GKVideoPortriatCell.m; sourceTree = "<group>"; };
		79A5256029D6D00D00CFB32F /* GKRotationManager.h */ = {isa = PBXFileReference; lastKnownFileType = sourcecode.c.h; path = GKRotationManager.h; sourceTree = "<group>"; };
		79A5256129D6D00D00CFB32F /* GKRotationManager.m */ = {isa = PBXFileReference; lastKnownFileType = sourcecode.c.objc; path = GKRotationManager.m; sourceTree = "<group>"; };
		79A5256329D6D02A00CFB32F /* GKRotationManager_iOS_9_15.h */ = {isa = PBXFileReference; lastKnownFileType = sourcecode.c.h; path = GKRotationManager_iOS_9_15.h; sourceTree = "<group>"; };
		79A5256429D6D02A00CFB32F /* GKRotationManager_iOS_9_15.m */ = {isa = PBXFileReference; lastKnownFileType = sourcecode.c.objc; path = GKRotationManager_iOS_9_15.m; sourceTree = "<group>"; };
		79A5256629D6D03900CFB32F /* GKRotationManager_iOS_16_Later.h */ = {isa = PBXFileReference; lastKnownFileType = sourcecode.c.h; path = GKRotationManager_iOS_16_Later.h; sourceTree = "<group>"; };
		79A5256729D6D03900CFB32F /* GKRotationManager_iOS_16_Later.m */ = {isa = PBXFileReference; lastKnownFileType = sourcecode.c.objc; path = GKRotationManager_iOS_16_Later.m; sourceTree = "<group>"; };
		79A5256B29D6D21D00CFB32F /* GKLandscapeWindow.h */ = {isa = PBXFileReference; lastKnownFileType = sourcecode.c.h; path = GKLandscapeWindow.h; sourceTree = "<group>"; };
		79A5256C29D6D21D00CFB32F /* GKLandscapeWindow.m */ = {isa = PBXFileReference; lastKnownFileType = sourcecode.c.objc; path = GKLandscapeWindow.m; sourceTree = "<group>"; };
		79A5256E29D6D45A00CFB32F /* GKLandscapeViewController.h */ = {isa = PBXFileReference; lastKnownFileType = sourcecode.c.h; path = GKLandscapeViewController.h; sourceTree = "<group>"; };
		79A5256F29D6D45A00CFB32F /* GKLandscapeViewController.m */ = {isa = PBXFileReference; lastKnownFileType = sourcecode.c.objc; path = GKLandscapeViewController.m; sourceTree = "<group>"; };
		79A5257129D6D5B500CFB32F /* GKLandscapeNavigationController.h */ = {isa = PBXFileReference; lastKnownFileType = sourcecode.c.h; path = GKLandscapeNavigationController.h; sourceTree = "<group>"; };
		79A5257229D6D5B500CFB32F /* GKLandscapeNavigationController.m */ = {isa = PBXFileReference; lastKnownFileType = sourcecode.c.objc; path = GKLandscapeNavigationController.m; sourceTree = "<group>"; };
		79A5257729DA642D00CFB32F /* GKTimerControl.h */ = {isa = PBXFileReference; lastKnownFileType = sourcecode.c.h; path = GKTimerControl.h; sourceTree = "<group>"; };
		79A5257829DA642D00CFB32F /* GKTimerControl.m */ = {isa = PBXFileReference; lastKnownFileType = sourcecode.c.objc; path = GKTimerControl.m; sourceTree = "<group>"; };
		79A5257B29DC0D1A00CFB32F /* GKDouyinViewController.h */ = {isa = PBXFileReference; lastKnownFileType = sourcecode.c.h; path = GKDouyinViewController.h; sourceTree = "<group>"; };
		79A5257C29DC0D1A00CFB32F /* GKDouyinViewController.m */ = {isa = PBXFileReference; lastKnownFileType = sourcecode.c.objc; path = GKDouyinViewController.m; sourceTree = "<group>"; };
		79A5257E29DC0D2600CFB32F /* GKDouyinManager.h */ = {isa = PBXFileReference; lastKnownFileType = sourcecode.c.h; path = GKDouyinManager.h; sourceTree = "<group>"; };
		79A5257F29DC0D2600CFB32F /* GKDouyinManager.m */ = {isa = PBXFileReference; lastKnownFileType = sourcecode.c.objc; path = GKDouyinManager.m; sourceTree = "<group>"; };
		79CFE0D529F1296300B6A013 /* GKDouyinPortraitView.h */ = {isa = PBXFileReference; lastKnownFileType = sourcecode.c.h; path = GKDouyinPortraitView.h; sourceTree = "<group>"; };
		79CFE0D629F1296300B6A013 /* GKDouyinPortraitView.m */ = {isa = PBXFileReference; lastKnownFileType = sourcecode.c.objc; path = GKDouyinPortraitView.m; sourceTree = "<group>"; };
		79CFE0D829F1344600B6A013 /* GKDouyinLandscapeView.h */ = {isa = PBXFileReference; lastKnownFileType = sourcecode.c.h; path = GKDouyinLandscapeView.h; sourceTree = "<group>"; };
		79CFE0D929F1344600B6A013 /* GKDouyinLandscapeView.m */ = {isa = PBXFileReference; lastKnownFileType = sourcecode.c.objc; path = GKDouyinLandscapeView.m; sourceTree = "<group>"; };
		79CFE0DC29F26B6200B6A013 /* GKKuaishouViewController.h */ = {isa = PBXFileReference; lastKnownFileType = sourcecode.c.h; path = GKKuaishouViewController.h; sourceTree = "<group>"; };
		79CFE0DD29F26B6200B6A013 /* GKKuaishouViewController.m */ = {isa = PBXFileReference; lastKnownFileType = sourcecode.c.objc; path = GKKuaishouViewController.m; sourceTree = "<group>"; };
		79CFE0DF29F26B7400B6A013 /* GKKuaishouManager.h */ = {isa = PBXFileReference; lastKnownFileType = sourcecode.c.h; path = GKKuaishouManager.h; sourceTree = "<group>"; };
		79CFE0E029F26B7400B6A013 /* GKKuaishouManager.m */ = {isa = PBXFileReference; lastKnownFileType = sourcecode.c.objc; path = GKKuaishouManager.m; sourceTree = "<group>"; };
		79CFE0E229F28EE900B6A013 /* GKKuaishouLandscapeView.h */ = {isa = PBXFileReference; lastKnownFileType = sourcecode.c.h; path = GKKuaishouLandscapeView.h; sourceTree = "<group>"; };
		79CFE0E329F28EE900B6A013 /* GKKuaishouLandscapeView.m */ = {isa = PBXFileReference; lastKnownFileType = sourcecode.c.objc; path = GKKuaishouLandscapeView.m; sourceTree = "<group>"; };
		79CFE0E529F2904000B6A013 /* GKKuaishouPortraitView.h */ = {isa = PBXFileReference; lastKnownFileType = sourcecode.c.h; path = GKKuaishouPortraitView.h; sourceTree = "<group>"; };
		79CFE0E629F2904000B6A013 /* GKKuaishouPortraitView.m */ = {isa = PBXFileReference; lastKnownFileType = sourcecode.c.objc; path = GKKuaishouPortraitView.m; sourceTree = "<group>"; };
		79E2E1D82A85CA51005EAA63 /* GKTableViewController.h */ = {isa = PBXFileReference; lastKnownFileType = sourcecode.c.h; path = GKTableViewController.h; sourceTree = "<group>"; };
		79E2E1D92A85CA51005EAA63 /* GKTableViewController.m */ = {isa = PBXFileReference; lastKnownFileType = sourcecode.c.objc; path = GKTableViewController.m; sourceTree = "<group>"; };
		79EB4B3C2A8B48A4005B4EC7 /* GKDouyinDetailViewController.h */ = {isa = PBXFileReference; lastKnownFileType = sourcecode.c.h; path = GKDouyinDetailViewController.h; sourceTree = "<group>"; };
		79EB4B3D2A8B48A4005B4EC7 /* GKDouyinDetailViewController.m */ = {isa = PBXFileReference; lastKnownFileType = sourcecode.c.objc; path = GKDouyinDetailViewController.m; sourceTree = "<group>"; };
		79EB4B3F2A8B6B97005B4EC7 /* GKKuaishouDetailViewController.h */ = {isa = PBXFileReference; lastKnownFileType = sourcecode.c.h; path = GKKuaishouDetailViewController.h; sourceTree = "<group>"; };
		79EB4B402A8B6B97005B4EC7 /* GKKuaishouDetailViewController.m */ = {isa = PBXFileReference; lastKnownFileType = sourcecode.c.objc; path = GKKuaishouDetailViewController.m; sourceTree = "<group>"; };
		7F0618879C04E02E9493FE30 /* Pods-GKVideoScrollView_Example.debug.xcconfig */ = {isa = PBXFileReference; includeInIndex = 1; lastKnownFileType = text.xcconfig; name = "Pods-GKVideoScrollView_Example.debug.xcconfig"; path = "Target Support Files/Pods-GKVideoScrollView_Example/Pods-GKVideoScrollView_Example.debug.xcconfig"; sourceTree = "<group>"; };
		873B8AEA1B1F5CCA007FD442 /* Main.storyboard */ = {isa = PBXFileReference; fileEncoding = 4; lastKnownFileType = file.storyboard; path = Main.storyboard; sourceTree = "<group>"; };
		8FB265F428064BA85E807DD1 /* GKVideoScrollView.podspec */ = {isa = PBXFileReference; includeInIndex = 1; lastKnownFileType = text; name = GKVideoScrollView.podspec; path = ../GKVideoScrollView.podspec; sourceTree = "<group>"; xcLanguageSpecificationIdentifier = xcode.lang.ruby; };
		FCC59FA72D521B74EA49A5CD /* Pods-Example.release.xcconfig */ = {isa = PBXFileReference; includeInIndex = 1; lastKnownFileType = text.xcconfig; name = "Pods-Example.release.xcconfig"; path = "Target Support Files/Pods-Example/Pods-Example.release.xcconfig"; sourceTree = "<group>"; };
/* End PBXFileReference section */

/* Begin PBXFrameworksBuildPhase section */
		6003F587195388D20070C39A /* Frameworks */ = {
			isa = PBXFrameworksBuildPhase;
			buildActionMask = 2147483647;
			files = (
				6003F590195388D20070C39A /* CoreGraphics.framework in Frameworks */,
				6003F592195388D20070C39A /* UIKit.framework in Frameworks */,
				6003F58E195388D20070C39A /* Foundation.framework in Frameworks */,
				5D655AE38BA461AD542CFA17 /* Pods_Example.framework in Frameworks */,
			);
			runOnlyForDeploymentPostprocessing = 0;
		};
		6003F5AB195388D20070C39A /* Frameworks */ = {
			isa = PBXFrameworksBuildPhase;
			buildActionMask = 2147483647;
			files = (
				6003F5B0195388D20070C39A /* XCTest.framework in Frameworks */,
				6003F5B2195388D20070C39A /* UIKit.framework in Frameworks */,
				6003F5B1195388D20070C39A /* Foundation.framework in Frameworks */,
			);
			runOnlyForDeploymentPostprocessing = 0;
		};
/* End PBXFrameworksBuildPhase section */

/* Begin PBXGroup section */
		0DDD7F4ECEC209578FB33E14 /* Pods */ = {
			isa = PBXGroup;
			children = (
				7F0618879C04E02E9493FE30 /* Pods-GKVideoScrollView_Example.debug.xcconfig */,
				6D9C8389AFBD5FB998CF0E75 /* Pods-GKVideoScrollView_Example.release.xcconfig */,
				676372B12D9368CE48799D73 /* Pods-Example.debug.xcconfig */,
				FCC59FA72D521B74EA49A5CD /* Pods-Example.release.xcconfig */,
			);
			path = Pods;
			sourceTree = "<group>";
		};
		6003F581195388D10070C39A = {
			isa = PBXGroup;
			children = (
				60FF7A9C1954A5C5007DD14C /* Podspec Metadata */,
				6003F593195388D20070C39A /* Example */,
				6003F5B5195388D20070C39A /* Tests */,
				6003F58C195388D20070C39A /* Frameworks */,
				6003F58B195388D20070C39A /* Products */,
				0DDD7F4ECEC209578FB33E14 /* Pods */,
			);
			sourceTree = "<group>";
		};
		6003F58B195388D20070C39A /* Products */ = {
			isa = PBXGroup;
			children = (
				6003F58A195388D20070C39A /* Example.app */,
				6003F5AE195388D20070C39A /* GKVideoScrollView_Tests.xctest */,
			);
			name = Products;
			sourceTree = "<group>";
		};
		6003F58C195388D20070C39A /* Frameworks */ = {
			isa = PBXGroup;
			children = (
				6003F58D195388D20070C39A /* Foundation.framework */,
				6003F58F195388D20070C39A /* CoreGraphics.framework */,
				6003F591195388D20070C39A /* UIKit.framework */,
				6003F5AF195388D20070C39A /* XCTest.framework */,
				566D57CE018F93B428988A13 /* Pods_Example.framework */,
			);
			name = Frameworks;
			sourceTree = "<group>";
		};
		6003F593195388D20070C39A /* Example */ = {
			isa = PBXGroup;
			children = (
				790791BC29BF16FE000D70A5 /* Classes */,
				6003F594195388D20070C39A /* Supporting Files */,
			);
			name = Example;
			path = GKVideoScrollView;
			sourceTree = "<group>";
		};
		6003F594195388D20070C39A /* Supporting Files */ = {
			isa = PBXGroup;
			children = (
				873B8AEA1B1F5CCA007FD442 /* Main.storyboard */,
				71719F9D1E33DC2100824A3D /* LaunchScreen.storyboard */,
				6003F5A8195388D20070C39A /* Images.xcassets */,
				6003F595195388D20070C39A /* GKVideoScrollView-Info.plist */,
				6003F596195388D20070C39A /* InfoPlist.strings */,
				6003F599195388D20070C39A /* main.m */,
				6003F59B195388D20070C39A /* GKVideoScrollView-Prefix.pch */,
			);
			name = "Supporting Files";
			sourceTree = "<group>";
		};
		6003F5B5195388D20070C39A /* Tests */ = {
			isa = PBXGroup;
			children = (
				6003F5BB195388D20070C39A /* Tests.m */,
				6003F5B6195388D20070C39A /* Supporting Files */,
			);
			path = Tests;
			sourceTree = "<group>";
		};
		6003F5B6195388D20070C39A /* Supporting Files */ = {
			isa = PBXGroup;
			children = (
				6003F5B7195388D20070C39A /* Tests-Info.plist */,
				6003F5B8195388D20070C39A /* InfoPlist.strings */,
				606FC2411953D9B200FFA9A0 /* Tests-Prefix.pch */,
			);
			name = "Supporting Files";
			sourceTree = "<group>";
		};
		60FF7A9C1954A5C5007DD14C /* Podspec Metadata */ = {
			isa = PBXGroup;
			children = (
				8FB265F428064BA85E807DD1 /* GKVideoScrollView.podspec */,
				4123006A2D67B5A9F1EB71BD /* README.md */,
				66C6D076987C1A4320630EFD /* LICENSE */,
			);
			name = "Podspec Metadata";
			sourceTree = "<group>";
		};
		790791BB29BF16E8000D70A5 /* App */ = {
			isa = PBXGroup;
			children = (
				6003F59C195388D20070C39A /* GKAppDelegate.h */,
				6003F59D195388D20070C39A /* GKAppDelegate.m */,
			);
			path = App;
			sourceTree = "<group>";
		};
		790791BC29BF16FE000D70A5 /* Classes */ = {
			isa = PBXGroup;
			children = (
				790791BB29BF16E8000D70A5 /* App */,
				79C4207429C3F75D00A0AB84 /* Base */,
				790791C029BF176D000D70A5 /* ZFPlayer */,
				790791C129BF1773000D70A5 /* SJVideoPlayer */,
				79A5254829D5851800CFB32F /* Rotation */,
				79A5257A29DC0CFD00CFB32F /* Douyin */,
				79CFE0DB29F2682400B6A013 /* Kuaishou */,
				795240562A3857D1001ED53C /* Test */,
				79E2E1D72A85CA3C005EAA63 /* TableView */,
				793231D429A703ED000A61ED /* Common */,
				790791BD29BF1762000D70A5 /* GKMainViewController.h */,
				790791BE29BF1762000D70A5 /* GKMainViewController.m */,
			);
			path = Classes;
			sourceTree = "<group>";
		};
		790791C029BF176D000D70A5 /* ZFPlayer */ = {
			isa = PBXGroup;
			children = (
				790791C229BF1825000D70A5 /* GKZFPlayerViewController.h */,
				790791C329BF1825000D70A5 /* GKZFPlayerViewController.m */,
				790791E329C06544000D70A5 /* GKZFPortraitView.h */,
				790791E429C06544000D70A5 /* GKZFPortraitView.m */,
				790791DA29C04595000D70A5 /* GKZFLandscapeView.h */,
				790791DB29C04595000D70A5 /* GKZFLandscapeView.m */,
				79A5255229D68ABD00CFB32F /* GKZFPlayerManager.h */,
				79A5255329D68ABD00CFB32F /* GKZFPlayerManager.m */,
			);
			path = ZFPlayer;
			sourceTree = "<group>";
		};
		790791C129BF1773000D70A5 /* SJVideoPlayer */ = {
			isa = PBXGroup;
			children = (
				790791C529BF182D000D70A5 /* GKSJPlayerViewController.h */,
				790791C629BF182D000D70A5 /* GKSJPlayerViewController.m */,
				790791E629C06576000D70A5 /* GKSJPortraitView.h */,
				790791E729C06576000D70A5 /* GKSJPortraitView.m */,
				790791DD29C0469E000D70A5 /* GKSJLandscapeView.h */,
				790791DE29C0469E000D70A5 /* GKSJLandscapeView.m */,
				79A5254F29D68AB200CFB32F /* GKSJPlayerManager.h */,
				79A5255029D68AB200CFB32F /* GKSJPlayerManager.m */,
			);
			path = SJVideoPlayer;
			sourceTree = "<group>";
		};
		790791E929C06979000D70A5 /* GKLikeView */ = {
			isa = PBXGroup;
			children = (
				790791EB29C06979000D70A5 /* GKLikeView.h */,
				790791ED29C06979000D70A5 /* GKLikeView.m */,
				790791EA29C06979000D70A5 /* GKDoubleLikeView.h */,
				790791EC29C06979000D70A5 /* GKDoubleLikeView.m */,
			);
			path = GKLikeView;
			sourceTree = "<group>";
		};
		790791F029C16EFB000D70A5 /* Category */ = {
			isa = PBXGroup;
			children = (
				790791F129C16F12000D70A5 /* UIButton+GKEnlarge.h */,
				790791F229C16F12000D70A5 /* UIButton+GKEnlarge.m */,
			);
			path = Category;
			sourceTree = "<group>";
		};
		793231D429A703ED000A61ED /* Common */ = {
			isa = PBXGroup;
			children = (
				79A5255F29D6CFE600CFB32F /* GKRotationManager */,
				790791F029C16EFB000D70A5 /* Category */,
				793231D529A7041D000A61ED /* GKLoadingView */,
				790791E929C06979000D70A5 /* GKLikeView */,
			);
			path = Common;
			sourceTree = "<group>";
		};
		793231D529A7041D000A61ED /* GKLoadingView */ = {
			isa = PBXGroup;
			children = (
				793231D829A7041D000A61ED /* GKBallLoadingView.h */,
				793231D729A7041D000A61ED /* GKBallLoadingView.m */,
			);
			path = GKLoadingView;
			sourceTree = "<group>";
		};
		795240562A3857D1001ED53C /* Test */ = {
			isa = PBXGroup;
			children = (
				795240572A3857FF001ED53C /* GKTestViewController.h */,
				795240582A3857FF001ED53C /* GKTestViewController.m */,
				7952405A2A3860AF001ED53C /* GKTestCell1.h */,
				7952405B2A3860AF001ED53C /* GKTestCell1.m */,
				7952405D2A3860C3001ED53C /* GKTestCell2.h */,
				7952405E2A3860C3001ED53C /* GKTestCell2.m */,
				795240602A3860CC001ED53C /* GKTestCell3.h */,
				795240612A3860CC001ED53C /* GKTestCell3.m */,
				795240632A3860D2001ED53C /* GKTestCell4.h */,
				795240642A3860D2001ED53C /* GKTestCell4.m */,
				795240662A3861A3001ED53C /* GKTestModel.h */,
				795240672A3861A3001ED53C /* GKTestModel.m */,
			);
			path = Test;
			sourceTree = "<group>";
		};
		79A5254829D5851800CFB32F /* Rotation */ = {
			isa = PBXGroup;
			children = (
				79A5254929D5854E00CFB32F /* GKRotationViewController.h */,
				79A5254A29D5854E00CFB32F /* GKRotationViewController.m */,
				79A5254C29D6899D00CFB32F /* GKTestManager.h */,
				79A5254D29D6899D00CFB32F /* GKTestManager.m */,
			);
			path = Rotation;
			sourceTree = "<group>";
		};
		79A5255529D6980000CFB32F /* manager */ = {
			isa = PBXGroup;
			children = (
				79A5255629D6981D00CFB32F /* GKVideoManager.h */,
				79A5255729D6981D00CFB32F /* GKVideoManager.m */,
			);
			path = manager;
			sourceTree = "<group>";
		};
		79A5255F29D6CFE600CFB32F /* GKRotationManager */ = {
			isa = PBXGroup;
			children = (
				79A5256029D6D00D00CFB32F /* GKRotationManager.h */,
				79A5256129D6D00D00CFB32F /* GKRotationManager.m */,
				79A5256329D6D02A00CFB32F /* GKRotationManager_iOS_9_15.h */,
				79A5256429D6D02A00CFB32F /* GKRotationManager_iOS_9_15.m */,
				79A5256629D6D03900CFB32F /* GKRotationManager_iOS_16_Later.h */,
				79A5256729D6D03900CFB32F /* GKRotationManager_iOS_16_Later.m */,
				79A5256B29D6D21D00CFB32F /* GKLandscapeWindow.h */,
				79A5256C29D6D21D00CFB32F /* GKLandscapeWindow.m */,
				79A5256E29D6D45A00CFB32F /* GKLandscapeViewController.h */,
				79A5256F29D6D45A00CFB32F /* GKLandscapeViewController.m */,
				79A5257129D6D5B500CFB32F /* GKLandscapeNavigationController.h */,
				79A5257229D6D5B500CFB32F /* GKLandscapeNavigationController.m */,
				79A5257729DA642D00CFB32F /* GKTimerControl.h */,
				79A5257829DA642D00CFB32F /* GKTimerControl.m */,
			);
			path = GKRotationManager;
			sourceTree = "<group>";
		};
		79A5257A29DC0CFD00CFB32F /* Douyin */ = {
			isa = PBXGroup;
			children = (
				79A5257B29DC0D1A00CFB32F /* GKDouyinViewController.h */,
				79A5257C29DC0D1A00CFB32F /* GKDouyinViewController.m */,
				79EB4B3C2A8B48A4005B4EC7 /* GKDouyinDetailViewController.h */,
				79EB4B3D2A8B48A4005B4EC7 /* GKDouyinDetailViewController.m */,
				79A5257E29DC0D2600CFB32F /* GKDouyinManager.h */,
				79A5257F29DC0D2600CFB32F /* GKDouyinManager.m */,
				79CFE0D529F1296300B6A013 /* GKDouyinPortraitView.h */,
				79CFE0D629F1296300B6A013 /* GKDouyinPortraitView.m */,
				79CFE0D829F1344600B6A013 /* GKDouyinLandscapeView.h */,
				79CFE0D929F1344600B6A013 /* GKDouyinLandscapeView.m */,
			);
			path = Douyin;
			sourceTree = "<group>";
		};
		79C4207429C3F75D00A0AB84 /* Base */ = {
			isa = PBXGroup;
			children = (
				79C4207529C3F76600A0AB84 /* controller */,
				79C4207629C3F76B00A0AB84 /* view */,
				79C4207729C3F77200A0AB84 /* model */,
				79A5255529D6980000CFB32F /* manager */,
			);
			path = Base;
			sourceTree = "<group>";
		};
		79C4207529C3F76600A0AB84 /* controller */ = {
			isa = PBXGroup;
			children = (
				790791CE29BF1D95000D70A5 /* GKVideoPlayerViewController.h */,
				790791CF29BF1D95000D70A5 /* GKVideoPlayerViewController.m */,
				790791E029C05E5F000D70A5 /* GKNavigationController.h */,
				790791E129C05E5F000D70A5 /* GKNavigationController.m */,
			);
			path = controller;
			sourceTree = "<group>";
		};
		79C4207629C3F76B00A0AB84 /* view */ = {
			isa = PBXGroup;
			children = (
				790791CB29BF1937000D70A5 /* GKVideoCell.h */,
				790791CC29BF1937000D70A5 /* GKVideoCell.m */,
				79A5255C29D6AD9800CFB32F /* GKVideoPortriatCell.h */,
				79A5255D29D6AD9800CFB32F /* GKVideoPortriatCell.m */,
				79A5255929D69BF100CFB32F /* GKVideoLandscapeCell.h */,
				79A5255A29D69BF100CFB32F /* GKVideoLandscapeCell.m */,
				790791D429BF2300000D70A5 /* GKVideoPortraitView.h */,
				790791D529BF2300000D70A5 /* GKVideoPortraitView.m */,
				790791D129BF1DAF000D70A5 /* GKVideoLandscapeView.h */,
				790791D229BF1DAF000D70A5 /* GKVideoLandscapeView.m */,
				790791D729C02040000D70A5 /* GKVideoPlayerStatusBar.h */,
				790791D829C02040000D70A5 /* GKVideoPlayerStatusBar.m */,
				7991D49129F766A7002AADCD /* GKVideoWorkListView.h */,
				7991D49229F766A7002AADCD /* GKVideoWorkListView.m */,
			);
			path = view;
			sourceTree = "<group>";
		};
		79C4207729C3F77200A0AB84 /* model */ = {
			isa = PBXGroup;
			children = (
				790791C829BF18FF000D70A5 /* GKVideoModel.h */,
				790791C929BF18FF000D70A5 /* GKVideoModel.m */,
			);
			path = model;
			sourceTree = "<group>";
		};
		79CFE0DB29F2682400B6A013 /* Kuaishou */ = {
			isa = PBXGroup;
			children = (
				79CFE0DC29F26B6200B6A013 /* GKKuaishouViewController.h */,
				79CFE0DD29F26B6200B6A013 /* GKKuaishouViewController.m */,
				79EB4B3F2A8B6B97005B4EC7 /* GKKuaishouDetailViewController.h */,
				79EB4B402A8B6B97005B4EC7 /* GKKuaishouDetailViewController.m */,
				79CFE0DF29F26B7400B6A013 /* GKKuaishouManager.h */,
				79CFE0E029F26B7400B6A013 /* GKKuaishouManager.m */,
				79CFE0E529F2904000B6A013 /* GKKuaishouPortraitView.h */,
				79CFE0E629F2904000B6A013 /* GKKuaishouPortraitView.m */,
				79CFE0E229F28EE900B6A013 /* GKKuaishouLandscapeView.h */,
				79CFE0E329F28EE900B6A013 /* GKKuaishouLandscapeView.m */,
			);
			path = Kuaishou;
			sourceTree = "<group>";
		};
		79E2E1D72A85CA3C005EAA63 /* TableView */ = {
			isa = PBXGroup;
			children = (
				79E2E1D82A85CA51005EAA63 /* GKTableViewController.h */,
				79E2E1D92A85CA51005EAA63 /* GKTableViewController.m */,
			);
			path = TableView;
			sourceTree = "<group>";
		};
/* End PBXGroup section */

/* Begin PBXNativeTarget section */
		6003F589195388D20070C39A /* Example */ = {
			isa = PBXNativeTarget;
			buildConfigurationList = 6003F5BF195388D20070C39A /* Build configuration list for PBXNativeTarget "Example" */;
			buildPhases = (
				0FF7981F39E437262BAAFBC4 /* [CP] Check Pods Manifest.lock */,
				6003F586195388D20070C39A /* Sources */,
				6003F587195388D20070C39A /* Frameworks */,
				6003F588195388D20070C39A /* Resources */,
				22B1FE836214467991C5F736 /* [CP] Embed Pods Frameworks */,
			);
			buildRules = (
			);
			dependencies = (
			);
			name = Example;
			productName = GKVideoScrollView;
			productReference = 6003F58A195388D20070C39A /* Example.app */;
			productType = "com.apple.product-type.application";
		};
		6003F5AD195388D20070C39A /* GKVideoScrollView_Tests */ = {
			isa = PBXNativeTarget;
			buildConfigurationList = 6003F5C2195388D20070C39A /* Build configuration list for PBXNativeTarget "GKVideoScrollView_Tests" */;
			buildPhases = (
				6003F5AA195388D20070C39A /* Sources */,
				6003F5AB195388D20070C39A /* Frameworks */,
				6003F5AC195388D20070C39A /* Resources */,
			);
			buildRules = (
			);
			dependencies = (
				6003F5B4195388D20070C39A /* PBXTargetDependency */,
			);
			name = GKVideoScrollView_Tests;
			productName = GKVideoScrollViewTests;
			productReference = 6003F5AE195388D20070C39A /* GKVideoScrollView_Tests.xctest */;
			productType = "com.apple.product-type.bundle.unit-test";
		};
/* End PBXNativeTarget section */

/* Begin PBXProject section */
		6003F582195388D10070C39A /* Project object */ = {
			isa = PBXProject;
			attributes = {
				CLASSPREFIX = GK;
				LastUpgradeCheck = 1420;
				ORGANIZATIONNAME = QuintGao;
				TargetAttributes = {
					6003F589195388D20070C39A = {
						DevelopmentTeam = JWMR39G949;
					};
					6003F5AD195388D20070C39A = {
						TestTargetID = 6003F589195388D20070C39A;
					};
				};
			};
			buildConfigurationList = 6003F585195388D10070C39A /* Build configuration list for PBXProject "GKVideoScrollView" */;
			compatibilityVersion = "Xcode 3.2";
			developmentRegion = en;
			hasScannedForEncodings = 0;
			knownRegions = (
				en,
				Base,
			);
			mainGroup = 6003F581195388D10070C39A;
			productRefGroup = 6003F58B195388D20070C39A /* Products */;
			projectDirPath = "";
			projectRoot = "";
			targets = (
				6003F589195388D20070C39A /* Example */,
				6003F5AD195388D20070C39A /* GKVideoScrollView_Tests */,
			);
		};
/* End PBXProject section */

/* Begin PBXResourcesBuildPhase section */
		6003F588195388D20070C39A /* Resources */ = {
			isa = PBXResourcesBuildPhase;
			buildActionMask = 2147483647;
			files = (
				873B8AEB1B1F5CCA007FD442 /* Main.storyboard in Resources */,
				71719F9F1E33DC2100824A3D /* LaunchScreen.storyboard in Resources */,
				6003F5A9195388D20070C39A /* Images.xcassets in Resources */,
				6003F598195388D20070C39A /* InfoPlist.strings in Resources */,
			);
			runOnlyForDeploymentPostprocessing = 0;
		};
		6003F5AC195388D20070C39A /* Resources */ = {
			isa = PBXResourcesBuildPhase;
			buildActionMask = 2147483647;
			files = (
				6003F5BA195388D20070C39A /* InfoPlist.strings in Resources */,
			);
			runOnlyForDeploymentPostprocessing = 0;
		};
/* End PBXResourcesBuildPhase section */

/* Begin PBXShellScriptBuildPhase section */
		0FF7981F39E437262BAAFBC4 /* [CP] Check Pods Manifest.lock */ = {
			isa = PBXShellScriptBuildPhase;
			buildActionMask = 2147483647;
			files = (
			);
			inputFileListPaths = (
			);
			inputPaths = (
				"${PODS_PODFILE_DIR_PATH}/Podfile.lock",
				"${PODS_ROOT}/Manifest.lock",
			);
			name = "[CP] Check Pods Manifest.lock";
			outputFileListPaths = (
			);
			outputPaths = (
				"$(DERIVED_FILE_DIR)/Pods-Example-checkManifestLockResult.txt",
			);
			runOnlyForDeploymentPostprocessing = 0;
			shellPath = /bin/sh;
			shellScript = "diff \"${PODS_PODFILE_DIR_PATH}/Podfile.lock\" \"${PODS_ROOT}/Manifest.lock\" > /dev/null\nif [ $? != 0 ] ; then\n    # print error to STDERR\n    echo \"error: The sandbox is not in sync with the Podfile.lock. Run 'pod install' or update your CocoaPods installation.\" >&2\n    exit 1\nfi\n# This output is used by Xcode 'outputs' to avoid re-running this script phase.\necho \"SUCCESS\" > \"${SCRIPT_OUTPUT_FILE_0}\"\n";
			showEnvVarsInLog = 0;
		};
		22B1FE836214467991C5F736 /* [CP] Embed Pods Frameworks */ = {
			isa = PBXShellScriptBuildPhase;
			buildActionMask = 2147483647;
			files = (
			);
			inputPaths = (
				"${PODS_ROOT}/Target Support Files/Pods-Example/Pods-Example-frameworks.sh",
				"${BUILT_PRODUCTS_DIR}/AFNetworking/AFNetworking.framework",
				"${BUILT_PRODUCTS_DIR}/GKNavigationBar/GKNavigationBar.framework",
				"${BUILT_PRODUCTS_DIR}/GKSliderView/GKSliderView.framework",
				"${BUILT_PRODUCTS_DIR}/GKVideoScrollView/GKVideoScrollView.framework",
				"${BUILT_PRODUCTS_DIR}/MJExtension/MJExtension.framework",
				"${BUILT_PRODUCTS_DIR}/MJRefresh/MJRefresh.framework",
				"${BUILT_PRODUCTS_DIR}/Masonry/Masonry.framework",
				"${BUILT_PRODUCTS_DIR}/SDWebImage/SDWebImage.framework",
				"${BUILT_PRODUCTS_DIR}/SJBaseVideoPlayer/SJBaseVideoPlayer.framework",
				"${BUILT_PRODUCTS_DIR}/SJUIKit/SJUIKit.framework",
				"${BUILT_PRODUCTS_DIR}/SJVideoPlayer/SJVideoPlayer.framework",
				"${BUILT_PRODUCTS_DIR}/YYModel/YYModel.framework",
			);
			name = "[CP] Embed Pods Frameworks";
			outputPaths = (
				"${TARGET_BUILD_DIR}/${FRAMEWORKS_FOLDER_PATH}/AFNetworking.framework",
				"${TARGET_BUILD_DIR}/${FRAMEWORKS_FOLDER_PATH}/GKNavigationBar.framework",
				"${TARGET_BUILD_DIR}/${FRAMEWORKS_FOLDER_PATH}/GKSliderView.framework",
				"${TARGET_BUILD_DIR}/${FRAMEWORKS_FOLDER_PATH}/GKVideoScrollView.framework",
				"${TARGET_BUILD_DIR}/${FRAMEWORKS_FOLDER_PATH}/MJExtension.framework",
				"${TARGET_BUILD_DIR}/${FRAMEWORKS_FOLDER_PATH}/MJRefresh.framework",
				"${TARGET_BUILD_DIR}/${FRAMEWORKS_FOLDER_PATH}/Masonry.framework",
				"${TARGET_BUILD_DIR}/${FRAMEWORKS_FOLDER_PATH}/SDWebImage.framework",
				"${TARGET_BUILD_DIR}/${FRAMEWORKS_FOLDER_PATH}/SJBaseVideoPlayer.framework",
				"${TARGET_BUILD_DIR}/${FRAMEWORKS_FOLDER_PATH}/SJUIKit.framework",
				"${TARGET_BUILD_DIR}/${FRAMEWORKS_FOLDER_PATH}/SJVideoPlayer.framework",
				"${TARGET_BUILD_DIR}/${FRAMEWORKS_FOLDER_PATH}/YYModel.framework",
			);
			runOnlyForDeploymentPostprocessing = 0;
			shellPath = /bin/sh;
			shellScript = "\"${PODS_ROOT}/Target Support Files/Pods-Example/Pods-Example-frameworks.sh\"\n";
			showEnvVarsInLog = 0;
		};
/* End PBXShellScriptBuildPhase section */

/* Begin PBXSourcesBuildPhase section */
		6003F586195388D20070C39A /* Sources */ = {
			isa = PBXSourcesBuildPhase;
			buildActionMask = 2147483647;
			files = (
				790791D929C02040000D70A5 /* GKVideoPlayerStatusBar.m in Sources */,
				79A5255B29D69BF100CFB32F /* GKVideoLandscapeCell.m in Sources */,
				79CFE0D729F1296300B6A013 /* GKDouyinPortraitView.m in Sources */,
				790791E529C06544000D70A5 /* GKZFPortraitView.m in Sources */,
				79CFE0E729F2904000B6A013 /* GKKuaishouPortraitView.m in Sources */,
				79A5257029D6D45A00CFB32F /* GKLandscapeViewController.m in Sources */,
				79CFE0DE29F26B6200B6A013 /* GKKuaishouViewController.m in Sources */,
				790791DF29C0469E000D70A5 /* GKSJLandscapeView.m in Sources */,
				79A5255829D6981D00CFB32F /* GKVideoManager.m in Sources */,
				6003F59E195388D20070C39A /* GKAppDelegate.m in Sources */,
				790791D329BF1DAF000D70A5 /* GKVideoLandscapeView.m in Sources */,
				79A5256229D6D00D00CFB32F /* GKRotationManager.m in Sources */,
				79A5256529D6D02A00CFB32F /* GKRotationManager_iOS_9_15.m in Sources */,
				7952405C2A3860AF001ED53C /* GKTestCell1.m in Sources */,
				790791C729BF182D000D70A5 /* GKSJPlayerViewController.m in Sources */,
				795240592A3857FF001ED53C /* GKTestViewController.m in Sources */,
				79A5256829D6D03900CFB32F /* GKRotationManager_iOS_16_Later.m in Sources */,
				790791CA29BF18FF000D70A5 /* GKVideoModel.m in Sources */,
				795240622A3860CC001ED53C /* GKTestCell3.m in Sources */,
				79A5254E29D6899D00CFB32F /* GKTestManager.m in Sources */,
				79EB4B3E2A8B48A4005B4EC7 /* GKDouyinDetailViewController.m in Sources */,
				795240682A3861A3001ED53C /* GKTestModel.m in Sources */,
				790791DC29C04595000D70A5 /* GKZFLandscapeView.m in Sources */,
				79A5255E29D6AD9800CFB32F /* GKVideoPortriatCell.m in Sources */,
				790791EF29C06979000D70A5 /* GKLikeView.m in Sources */,
				793231DE29A7041D000A61ED /* GKBallLoadingView.m in Sources */,
				790791D029BF1D95000D70A5 /* GKVideoPlayerViewController.m in Sources */,
				79A5254B29D5854E00CFB32F /* GKRotationViewController.m in Sources */,
				79A5255129D68AB200CFB32F /* GKSJPlayerManager.m in Sources */,
				79CFE0DA29F1344600B6A013 /* GKDouyinLandscapeView.m in Sources */,
				79A5258029DC0D2600CFB32F /* GKDouyinManager.m in Sources */,
				790791C429BF1825000D70A5 /* GKZFPlayerViewController.m in Sources */,
				790791CD29BF1937000D70A5 /* GKVideoCell.m in Sources */,
				79A5257929DA642D00CFB32F /* GKTimerControl.m in Sources */,
				79CFE0E129F26B7400B6A013 /* GKKuaishouManager.m in Sources */,
				79A5255429D68ABD00CFB32F /* GKZFPlayerManager.m in Sources */,
				79EB4B412A8B6B97005B4EC7 /* GKKuaishouDetailViewController.m in Sources */,
				79A5257329D6D5B500CFB32F /* GKLandscapeNavigationController.m in Sources */,
				790791D629BF2300000D70A5 /* GKVideoPortraitView.m in Sources */,
				79A5257D29DC0D1A00CFB32F /* GKDouyinViewController.m in Sources */,
				7991D49329F766A7002AADCD /* GKVideoWorkListView.m in Sources */,
				79CFE0E429F28EE900B6A013 /* GKKuaishouLandscapeView.m in Sources */,
				790791EE29C06979000D70A5 /* GKDoubleLikeView.m in Sources */,
				790791E229C05E5F000D70A5 /* GKNavigationController.m in Sources */,
				7952405F2A3860C3001ED53C /* GKTestCell2.m in Sources */,
				790791BF29BF1762000D70A5 /* GKMainViewController.m in Sources */,
				790791F329C16F12000D70A5 /* UIButton+GKEnlarge.m in Sources */,
				79E2E1DA2A85CA51005EAA63 /* GKTableViewController.m in Sources */,
				790791E829C06576000D70A5 /* GKSJPortraitView.m in Sources */,
				6003F59A195388D20070C39A /* main.m in Sources */,
				795240652A3860D2001ED53C /* GKTestCell4.m in Sources */,
				79A5256D29D6D21D00CFB32F /* GKLandscapeWindow.m in Sources */,
			);
			runOnlyForDeploymentPostprocessing = 0;
		};
		6003F5AA195388D20070C39A /* Sources */ = {
			isa = PBXSourcesBuildPhase;
			buildActionMask = 2147483647;
			files = (
				6003F5BC195388D20070C39A /* Tests.m in Sources */,
			);
			runOnlyForDeploymentPostprocessing = 0;
		};
/* End PBXSourcesBuildPhase section */

/* Begin PBXTargetDependency section */
		6003F5B4195388D20070C39A /* PBXTargetDependency */ = {
			isa = PBXTargetDependency;
			target = 6003F589195388D20070C39A /* Example */;
			targetProxy = 6003F5B3195388D20070C39A /* PBXContainerItemProxy */;
		};
/* End PBXTargetDependency section */

/* Begin PBXVariantGroup section */
		6003F596195388D20070C39A /* InfoPlist.strings */ = {
			isa = PBXVariantGroup;
			children = (
				6003F597195388D20070C39A /* en */,
			);
			name = InfoPlist.strings;
			sourceTree = "<group>";
		};
		6003F5B8195388D20070C39A /* InfoPlist.strings */ = {
			isa = PBXVariantGroup;
			children = (
				6003F5B9195388D20070C39A /* en */,
			);
			name = InfoPlist.strings;
			sourceTree = "<group>";
		};
		71719F9D1E33DC2100824A3D /* LaunchScreen.storyboard */ = {
			isa = PBXVariantGroup;
			children = (
				71719F9E1E33DC2100824A3D /* Base */,
			);
			name = LaunchScreen.storyboard;
			sourceTree = "<group>";
		};
/* End PBXVariantGroup section */

/* Begin XCBuildConfiguration section */
		6003F5BD195388D20070C39A /* Debug */ = {
			isa = XCBuildConfiguration;
			buildSettings = {
				ALWAYS_SEARCH_USER_PATHS = NO;
				CLANG_ANALYZER_LOCALIZABILITY_NONLOCALIZED = YES;
				CLANG_CXX_LANGUAGE_STANDARD = "gnu++0x";
				CLANG_CXX_LIBRARY = "libc++";
				CLANG_ENABLE_MODULES = YES;
				CLANG_ENABLE_OBJC_ARC = YES;
				CLANG_WARN_BLOCK_CAPTURE_AUTORELEASING = YES;
				CLANG_WARN_BOOL_CONVERSION = YES;
				CLANG_WARN_COMMA = YES;
				CLANG_WARN_CONSTANT_CONVERSION = YES;
				CLANG_WARN_DEPRECATED_OBJC_IMPLEMENTATIONS = YES;
				CLANG_WARN_DIRECT_OBJC_ISA_USAGE = YES_ERROR;
				CLANG_WARN_EMPTY_BODY = YES;
				CLANG_WARN_ENUM_CONVERSION = YES;
				CLANG_WARN_INFINITE_RECURSION = YES;
				CLANG_WARN_INT_CONVERSION = YES;
				CLANG_WARN_NON_LITERAL_NULL_CONVERSION = YES;
				CLANG_WARN_OBJC_IMPLICIT_RETAIN_SELF = YES;
				CLANG_WARN_OBJC_LITERAL_CONVERSION = YES;
				CLANG_WARN_OBJC_ROOT_CLASS = YES_ERROR;
				CLANG_WARN_QUOTED_INCLUDE_IN_FRAMEWORK_HEADER = YES;
				CLANG_WARN_RANGE_LOOP_ANALYSIS = YES;
				CLANG_WARN_STRICT_PROTOTYPES = YES;
				CLANG_WARN_SUSPICIOUS_MOVE = YES;
				CLANG_WARN_UNREACHABLE_CODE = YES;
				CLANG_WARN__DUPLICATE_METHOD_MATCH = YES;
				"CODE_SIGN_IDENTITY[sdk=iphoneos*]" = "iPhone Developer";
				COPY_PHASE_STRIP = NO;
				ENABLE_STRICT_OBJC_MSGSEND = YES;
				ENABLE_TESTABILITY = YES;
				GCC_C_LANGUAGE_STANDARD = gnu99;
				GCC_DYNAMIC_NO_PIC = NO;
				GCC_NO_COMMON_BLOCKS = YES;
				GCC_OPTIMIZATION_LEVEL = 0;
				GCC_PREPROCESSOR_DEFINITIONS = (
					"DEBUG=1",
					"$(inherited)",
				);
				GCC_SYMBOLS_PRIVATE_EXTERN = NO;
				GCC_WARN_64_TO_32_BIT_CONVERSION = YES;
				GCC_WARN_ABOUT_RETURN_TYPE = YES_ERROR;
				GCC_WARN_UNDECLARED_SELECTOR = YES;
				GCC_WARN_UNINITIALIZED_AUTOS = YES_AGGRESSIVE;
				GCC_WARN_UNUSED_FUNCTION = YES;
				GCC_WARN_UNUSED_VARIABLE = YES;
				IPHONEOS_DEPLOYMENT_TARGET = 12.0;
				ONLY_ACTIVE_ARCH = YES;
				SDKROOT = iphoneos;
				TARGETED_DEVICE_FAMILY = "1,2";
			};
			name = Debug;
		};
		6003F5BE195388D20070C39A /* Release */ = {
			isa = XCBuildConfiguration;
			buildSettings = {
				ALWAYS_SEARCH_USER_PATHS = NO;
				CLANG_ANALYZER_LOCALIZABILITY_NONLOCALIZED = YES;
				CLANG_CXX_LANGUAGE_STANDARD = "gnu++0x";
				CLANG_CXX_LIBRARY = "libc++";
				CLANG_ENABLE_MODULES = YES;
				CLANG_ENABLE_OBJC_ARC = YES;
				CLANG_WARN_BLOCK_CAPTURE_AUTORELEASING = YES;
				CLANG_WARN_BOOL_CONVERSION = YES;
				CLANG_WARN_COMMA = YES;
				CLANG_WARN_CONSTANT_CONVERSION = YES;
				CLANG_WARN_DEPRECATED_OBJC_IMPLEMENTATIONS = YES;
				CLANG_WARN_DIRECT_OBJC_ISA_USAGE = YES_ERROR;
				CLANG_WARN_EMPTY_BODY = YES;
				CLANG_WARN_ENUM_CONVERSION = YES;
				CLANG_WARN_INFINITE_RECURSION = YES;
				CLANG_WARN_INT_CONVERSION = YES;
				CLANG_WARN_NON_LITERAL_NULL_CONVERSION = YES;
				CLANG_WARN_OBJC_IMPLICIT_RETAIN_SELF = YES;
				CLANG_WARN_OBJC_LITERAL_CONVERSION = YES;
				CLANG_WARN_OBJC_ROOT_CLASS = YES_ERROR;
				CLANG_WARN_QUOTED_INCLUDE_IN_FRAMEWORK_HEADER = YES;
				CLANG_WARN_RANGE_LOOP_ANALYSIS = YES;
				CLANG_WARN_STRICT_PROTOTYPES = YES;
				CLANG_WARN_SUSPICIOUS_MOVE = YES;
				CLANG_WARN_UNREACHABLE_CODE = YES;
				CLANG_WARN__DUPLICATE_METHOD_MATCH = YES;
				"CODE_SIGN_IDENTITY[sdk=iphoneos*]" = "iPhone Developer";
				COPY_PHASE_STRIP = YES;
				ENABLE_NS_ASSERTIONS = NO;
				ENABLE_STRICT_OBJC_MSGSEND = YES;
				GCC_C_LANGUAGE_STANDARD = gnu99;
				GCC_NO_COMMON_BLOCKS = YES;
				GCC_WARN_64_TO_32_BIT_CONVERSION = YES;
				GCC_WARN_ABOUT_RETURN_TYPE = YES_ERROR;
				GCC_WARN_UNDECLARED_SELECTOR = YES;
				GCC_WARN_UNINITIALIZED_AUTOS = YES_AGGRESSIVE;
				GCC_WARN_UNUSED_FUNCTION = YES;
				GCC_WARN_UNUSED_VARIABLE = YES;
				IPHONEOS_DEPLOYMENT_TARGET = 12.0;
				SDKROOT = iphoneos;
				TARGETED_DEVICE_FAMILY = "1,2";
				VALIDATE_PRODUCT = YES;
			};
			name = Release;
		};
		6003F5C0195388D20070C39A /* Debug */ = {
			isa = XCBuildConfiguration;
			baseConfigurationReference = 676372B12D9368CE48799D73 /* Pods-Example.debug.xcconfig */;
			buildSettings = {
				ASSETCATALOG_COMPILER_APPICON_NAME = AppIcon;
				DEVELOPMENT_TEAM = JWMR39G949;
				GCC_PRECOMPILE_PREFIX_HEADER = YES;
				GCC_PREFIX_HEADER = "GKVideoScrollView/GKVideoScrollView-Prefix.pch";
				INFOPLIST_FILE = "GKVideoScrollView/GKVideoScrollView-Info.plist";
				MODULE_NAME = ExampleApp;
				PRODUCT_BUNDLE_IDENTIFIER = com.quintgao.dyvideo;
				PRODUCT_NAME = "$(TARGET_NAME)";
				SWIFT_VERSION = 4.0;
				WRAPPER_EXTENSION = app;
			};
			name = Debug;
		};
		6003F5C1195388D20070C39A /* Release */ = {
			isa = XCBuildConfiguration;
			baseConfigurationReference = FCC59FA72D521B74EA49A5CD /* Pods-Example.release.xcconfig */;
			buildSettings = {
				ASSETCATALOG_COMPILER_APPICON_NAME = AppIcon;
				DEVELOPMENT_TEAM = JWMR39G949;
				GCC_PRECOMPILE_PREFIX_HEADER = YES;
				GCC_PREFIX_HEADER = "GKVideoScrollView/GKVideoScrollView-Prefix.pch";
				INFOPLIST_FILE = "GKVideoScrollView/GKVideoScrollView-Info.plist";
				MODULE_NAME = ExampleApp;
				PRODUCT_BUNDLE_IDENTIFIER = com.quintgao.dyvideo;
				PRODUCT_NAME = "$(TARGET_NAME)";
				SWIFT_VERSION = 4.0;
				WRAPPER_EXTENSION = app;
			};
			name = Release;
		};
		6003F5C3195388D20070C39A /* Debug */ = {
			isa = XCBuildConfiguration;
			buildSettings = {
				BUNDLE_LOADER = "$(TEST_HOST)";
				FRAMEWORK_SEARCH_PATHS = (
					"$(PLATFORM_DIR)/Developer/Library/Frameworks",
					"$(inherited)",
					"$(DEVELOPER_FRAMEWORKS_DIR)",
				);
				GCC_PRECOMPILE_PREFIX_HEADER = YES;
				GCC_PREFIX_HEADER = "Tests/Tests-Prefix.pch";
				GCC_PREPROCESSOR_DEFINITIONS = (
					"DEBUG=1",
					"$(inherited)",
				);
				INFOPLIST_FILE = "Tests/Tests-Info.plist";
				PRODUCT_BUNDLE_IDENTIFIER = "org.cocoapods.demo.${PRODUCT_NAME:rfc1034identifier}";
				PRODUCT_NAME = "$(TARGET_NAME)";
				SWIFT_VERSION = 4.0;
				TEST_HOST = "$(BUILT_PRODUCTS_DIR)/Example.app/$(BUNDLE_EXECUTABLE_FOLDER_PATH)/Example";
				WRAPPER_EXTENSION = xctest;
			};
			name = Debug;
		};
		6003F5C4195388D20070C39A /* Release */ = {
			isa = XCBuildConfiguration;
			buildSettings = {
				BUNDLE_LOADER = "$(TEST_HOST)";
				FRAMEWORK_SEARCH_PATHS = (
					"$(PLATFORM_DIR)/Developer/Library/Frameworks",
					"$(inherited)",
					"$(DEVELOPER_FRAMEWORKS_DIR)",
				);
				GCC_PRECOMPILE_PREFIX_HEADER = YES;
				GCC_PREFIX_HEADER = "Tests/Tests-Prefix.pch";
				INFOPLIST_FILE = "Tests/Tests-Info.plist";
				PRODUCT_BUNDLE_IDENTIFIER = "org.cocoapods.demo.${PRODUCT_NAME:rfc1034identifier}";
				PRODUCT_NAME = "$(TARGET_NAME)";
				SWIFT_VERSION = 4.0;
				TEST_HOST = "$(BUILT_PRODUCTS_DIR)/Example.app/$(BUNDLE_EXECUTABLE_FOLDER_PATH)/Example";
				WRAPPER_EXTENSION = xctest;
			};
			name = Release;
		};
/* End XCBuildConfiguration section */

/* Begin XCConfigurationList section */
		6003F585195388D10070C39A /* Build configuration list for PBXProject "GKVideoScrollView" */ = {
			isa = XCConfigurationList;
			buildConfigurations = (
				6003F5BD195388D20070C39A /* Debug */,
				6003F5BE195388D20070C39A /* Release */,
			);
			defaultConfigurationIsVisible = 0;
			defaultConfigurationName = Release;
		};
		6003F5BF195388D20070C39A /* Build configuration list for PBXNativeTarget "Example" */ = {
			isa = XCConfigurationList;
			buildConfigurations = (
				6003F5C0195388D20070C39A /* Debug */,
				6003F5C1195388D20070C39A /* Release */,
			);
			defaultConfigurationIsVisible = 0;
			defaultConfigurationName = Release;
		};
		6003F5C2195388D20070C39A /* Build configuration list for PBXNativeTarget "GKVideoScrollView_Tests" */ = {
			isa = XCConfigurationList;
			buildConfigurations = (
				6003F5C3195388D20070C39A /* Debug */,
				6003F5C4195388D20070C39A /* Release */,
			);
			defaultConfigurationIsVisible = 0;
			defaultConfigurationName = Release;
		};
/* End XCConfigurationList section */
	};
	rootObject = 6003F582195388D10070C39A /* Project object */;
}
